<?xml version="1.0" encoding="utf-8"?>
<Project ToolsVersion="4.0" xmlns="http://schemas.microsoft.com/developer/msbuild/2003">
  <ItemGroup>
    <ClCompile Include="src\ofApp.cpp">
      <Filter>src</Filter>
    </ClCompile>
    <ClCompile Include="src\main.cpp">
      <Filter>src</Filter>
    </ClCompile>
    <ClCompile Include="src\Button.cpp">
      <Filter>src</Filter>
    </ClCompile>
    <ClCompile Include="src\ColorPanel.cpp">
      <Filter>src</Filter>
    </ClCompile>
    <ClCompile Include="src\FloatInput.cpp">
      <Filter>src</Filter>
    </ClCompile>
    <ClCompile Include="src\Formorgel.cpp">
      <Filter>src</Filter>
    </ClCompile>
    <ClCompile Include="src\GeometricSynth.cpp">
      <Filter>src</Filter>
    </ClCompile>
    <ClCompile Include="src\GeometryColorSwitch.cpp">
      <Filter>src</Filter>
    </ClCompile>
    <ClCompile Include="src\GeometryPanel.cpp">
      <Filter>src</Filter>
    </ClCompile>
    <ClCompile Include="src\main.cpp">
      <Filter>src</Filter>
    </ClCompile>
    <ClCompile Include="src\ofApp.cpp">
      <Filter>src</Filter>
    </ClCompile>
    <ClCompile Include="src\Osc.cpp">
      <Filter>src</Filter>
    </ClCompile>
    <ClCompile Include="src\PolygonColorControl.cpp">
      <Filter>src</Filter>
    </ClCompile>
    <ClCompile Include="src\Selector.cpp">
      <Filter>src</Filter>
    </ClCompile>
    <ClCompile Include="src\SmallButton.cpp">
      <Filter>src</Filter>
    </ClCompile>
    <ClCompile Include="src\Tone.cpp">
      <Filter>src</Filter>
    </ClCompile>
    <ClCompile Include="..\..\..\..\addons\ofxHLuv\src\ofxHLuv.cpp">
      <Filter>addons\ofxHLuv\src</Filter>
    </ClCompile>
    <ClCompile Include="src\ofxPolygonDetector.cpp">
      <Filter>src</Filter>
    </ClCompile>
  </ItemGroup>
  <ItemGroup>
    <Filter Include="src">
      <UniqueIdentifier>{d8376475-7454-4a24-b08a-aac121d3ad6f}</UniqueIdentifier>
    </Filter>
    <Filter Include="addons">
      <UniqueIdentifier>{71834F65-F3A9-211E-73B8-DC85}</UniqueIdentifier>
    </Filter>
    <Filter Include="addons\ofxHLuv">
      <UniqueIdentifier>{B3F3B70C-F760-6A35-2C3C-C205}</UniqueIdentifier>
    </Filter>
    <Filter Include="addons\ofxHLuv\src">
      <UniqueIdentifier>{35BCC8A3-AB0D-16E1-4E21-4AD5}</UniqueIdentifier>
    </Filter>
  </ItemGroup>
  <ItemGroup>
    <ClInclude Include="src\ofApp.h">
      <Filter>src</Filter>
    </ClInclude>
    <ClInclude Include="src\Button.h">
      <Filter>src</Filter>
    </ClInclude>
    <ClInclude Include="src\ColorPanel.h">
      <Filter>src</Filter>
    </ClInclude>
    <ClInclude Include="src\FloatInput.h">
      <Filter>src</Filter>
    </ClInclude>
    <ClInclude Include="src\Formorgel.h">
      <Filter>src</Filter>
    </ClInclude>
    <ClInclude Include="src\geom.h">
      <Filter>src</Filter>
    </ClInclude>
    <ClInclude Include="src\GeometricSynth.h">
      <Filter>src</Filter>
    </ClInclude>
    <ClInclude Include="src\GeometryColorSwitch.h">
      <Filter>src</Filter>
    </ClInclude>
    <ClInclude Include="src\GeometryPanel.h">
      <Filter>src</Filter>
    </ClInclude>
    <ClInclude Include="src\ofApp.h">
      <Filter>src</Filter>
    </ClInclude>
    <ClInclude Include="src\Osc.h">
      <Filter>src</Filter>
    </ClInclude>
    <ClInclude Include="src\PolygonColorControl.h">
      <Filter>src</Filter>
    </ClInclude>
    <ClInclude Include="src\Selector.h">
      <Filter>src</Filter>
    </ClInclude>
    <ClInclude Include="src\SmallButton.h">
      <Filter>src</Filter>
    </ClInclude>
    <ClInclude Include="src\Tone.h">
      <Filter>src</Filter>
    </ClInclude>
    <ClInclude Include="..\..\..\..\addons\ofxHLuv\src\ofxHLuv.h">
      <Filter>addons\ofxHLuv\src</Filter>
    </ClInclude>
    <ClInclude Include="src\ofxPolygonDetector.h">
      <Filter>src</Filter>
    </ClInclude>
  </ItemGroup>
  <ItemGroup>
    <ResourceCompile Include="icon.rc" />
  </ItemGroup>
</Project>